
Microsoft Visual Studio Solution File, Format Version 12.00
# Visual Studio Version 16
VisualStudioVersion = 16.0.30717.126
MinimumVisualStudioVersion = 10.0.40219.1
Project("{8BC9CEB8-8B4A-11D0-8D11-00A0C91BC942}") = "C---Console-RPG", "C---Console-RPG\C---Console-RPG.vcxproj", "{DA512670-88A0-4A16-A8DA-2AE0D2021A70}"
EndProject
Global
	GlobalSection(SolutionConfigurationPlatforms) = preSolution
		Debug|x64 = Debug|x64
		Debug|x86 = Debug|x86
		Release|x64 = Release|x64
		Release|x86 = Release|x86
	EndGlobalSection
	GlobalSection(ProjectConfigurationPlatforms) = postSolution
		{DA512670-88A0-4A16-A8DA-2AE0D2021A70}.Debug|x64.ActiveCfg = Debug|x64
		{DA512670-88A0-4A16-A8DA-2AE0D2021A70}.Debug|x64.Build.0 = Debug|x64
		{DA512670-88A0-4A16-A8DA-2AE0D2021A70}.Debug|x86.ActiveCfg = Debug|Win32
		{DA512670-88A0-4A16-A8DA-2AE0D2021A70}.Debug|x86.Build.0 = Debug|Win32
		{DA512670-88A0-4A16-A8DA-2AE0D2021A70}.Release|x64.ActiveCfg = Release|x64
		{DA512670-88A0-4A16-A8DA-2AE0D2021A70}.Release|x64.Build.0 = Release|x64
		{DA512670-88A0-4A16-A8DA-2AE0D2021A70}.Release|x86.ActiveCfg = Release|Win32
		{DA512670-88A0-4A16-A8DA-2AE0D2021A70}.Release|x86.Build.0 = Release|Win32
	EndGlobalSection
	GlobalSection(SolutionProperties) = preSolution
		HideSolutionNode = FALSE
	EndGlobalSection
	GlobalSection(ExtensibilityGlobals) = postSolution
		SolutionGuid = {BE20F3B9-FFF2-4661-A68E-C551D751E77B}
	EndGlobalSection
EndGlobal
